
Microsoft Visual Studio Solution File, Format Version 12.00
# Visual Studio Version 17
VisualStudioVersion = 17.10.35013.160
MinimumVisualStudioVersion = 10.0.40219.1
Project("{8BC9CEB8-8B4A-11D0-8D11-00A0C91BC942}") = "Project10", "Project10\Project10.vcxproj", "{2DC9AF59-9F25-4970-A371-2133FDAD4FE3}"
EndProject
Global
	GlobalSection(SolutionConfigurationPlatforms) = preSolution
		Debug|x64 = Debug|x64
		Debug|x86 = Debug|x86
		Release|x64 = Release|x64
		Release|x86 = Release|x86
	EndGlobalSection
	GlobalSection(ProjectConfigurationPlatforms) = postSolution
		{2DC9AF59-9F25-4970-A371-2133FDAD4FE3}.Debug|x64.ActiveCfg = Debug|x64
		{2DC9AF59-9F25-4970-A371-2133FDAD4FE3}.Debug|x64.Build.0 = Debug|x64
		{2DC9AF59-9F25-4970-A371-2133FDAD4FE3}.Debug|x86.ActiveCfg = Debug|Win32
		{2DC9AF59-9F25-4970-A371-2133FDAD4FE3}.Debug|x86.Build.0 = Debug|Win32
		{2DC9AF59-9F25-4970-A371-2133FDAD4FE3}.Release|x64.ActiveCfg = Release|x64
		{2DC9AF59-9F25-4970-A371-2133FDAD4FE3}.Release|x64.Build.0 = Release|x64
		{2DC9AF59-9F25-4970-A371-2133FDAD4FE3}.Release|x86.ActiveCfg = Release|Win32
		{2DC9AF59-9F25-4970-A371-2133FDAD4FE3}.Release|x86.Build.0 = Release|Win32
	EndGlobalSection
	GlobalSection(SolutionProperties) = preSolution
		HideSolutionNode = FALSE
	EndGlobalSection
	GlobalSection(ExtensibilityGlobals) = postSolution
		SolutionGuid = {E28D0514-12A7-4DB5-B22C-2CA802A3DB29}
	EndGlobalSection
EndGlobal
